
Microsoft Visual Studio Solution File, Format Version 12.00
# Visual Studio Version 17
VisualStudioVersion = 17.2.32516.85
MinimumVisualStudioVersion = 10.0.40219.1
Project("{FAE04EC0-301F-11D3-BF4B-00C04F79EFBC}") = "NugetedUI", "NugetedUI\NugetedUI.csproj", "{9A491E22-03CF-415D-9C80-0C10F922BDFA}"
EndProject
Global
	GlobalSection(SolutionConfigurationPlatforms) = preSolution
		Debug|Any CPU = Debug|Any CPU
		Release|Any CPU = Release|Any CPU
	EndGlobalSection
	GlobalSection(ProjectConfigurationPlatforms) = postSolution
		{9A491E22-03CF-415D-9C80-0C10F922BDFA}.Debug|Any CPU.ActiveCfg = Debug|Any CPU
		{9A491E22-03CF-415D-9C80-0C10F922BDFA}.Debug|Any CPU.Build.0 = Debug|Any CPU
		{9A491E22-03CF-415D-9C80-0C10F922BDFA}.Release|Any CPU.ActiveCfg = Release|Any CPU
		{9A491E22-03CF-415D-9C80-0C10F922BDFA}.Release|Any CPU.Build.0 = Release|Any CPU
	EndGlobalSection
	GlobalSection(SolutionProperties) = preSolution
		HideSolutionNode = FALSE
	EndGlobalSection
	GlobalSection(ExtensibilityGlobals) = postSolution
		SolutionGuid = {9DD7AC90-8ED8-4354-B215-A34559B86D90}
	EndGlobalSection
EndGlobal
